
Microsoft Visual Studio Solution File, Format Version 12.00
# Visual Studio Version 17
VisualStudioVersion = 17.13.35806.99 d17.13
MinimumVisualStudioVersion = 10.0.40219.1
Project("{2150E333-8FDC-42A3-9474-1A3956D46DE8}") = "Presentation", "Presentation", "{02EA681E-C7D8-13C7-8484-4AC65E1B71E8}"
EndProject
Project("{FAE04EC0-301F-11D3-BF4B-00C04F79EFBC}") = "CaseStudyMVC", "CaseStudyMVC\CaseStudyMVC.csproj", "{ACA7ADB6-6F46-4261-9828-FDC7B3015328}"
EndProject
Project("{2150E333-8FDC-42A3-9474-1A3956D46DE8}") = "DataAccess", "DataAccess", "{4BAD79A0-35C8-4DA0-B803-55127C1AA5EA}"
EndProject
Project("{2150E333-8FDC-42A3-9474-1A3956D46DE8}") = "Api", "Api", "{380F0663-BADA-416A-8C9F-DE8EF3992D48}"
EndProject
Project("{FAE04EC0-301F-11D3-BF4B-00C04F79EFBC}") = "CaseApi", "CaseApi\CaseApi.csproj", "{14D4D225-70B7-42AF-A7E7-7F51AD4A9651}"
EndProject
Project("{2150E333-8FDC-42A3-9474-1A3956D46DE8}") = "Business", "Business", "{D00B9084-43CC-4293-91D4-4803768B576D}"
EndProject
Project("{FAE04EC0-301F-11D3-BF4B-00C04F79EFBC}") = "CaseBusiness", "CaseBusiness\CaseBusiness.csproj", "{FE6E57B1-51E8-4983-8176-C4F15AAA70E1}"
EndProject
Project("{FAE04EC0-301F-11D3-BF4B-00C04F79EFBC}") = "CaseDataAccess", "CaseDataAccess\CaseDataAccess.csproj", "{8AD5543A-18DB-4EE7-8679-B381A85D89EF}"
EndProject
Global
	GlobalSection(SolutionConfigurationPlatforms) = preSolution
		Debug|Any CPU = Debug|Any CPU
		Release|Any CPU = Release|Any CPU
	EndGlobalSection
	GlobalSection(ProjectConfigurationPlatforms) = postSolution
		{ACA7ADB6-6F46-4261-9828-FDC7B3015328}.Debug|Any CPU.ActiveCfg = Debug|Any CPU
		{ACA7ADB6-6F46-4261-9828-FDC7B3015328}.Debug|Any CPU.Build.0 = Debug|Any CPU
		{ACA7ADB6-6F46-4261-9828-FDC7B3015328}.Release|Any CPU.ActiveCfg = Release|Any CPU
		{ACA7ADB6-6F46-4261-9828-FDC7B3015328}.Release|Any CPU.Build.0 = Release|Any CPU
		{14D4D225-70B7-42AF-A7E7-7F51AD4A9651}.Debug|Any CPU.ActiveCfg = Debug|Any CPU
		{14D4D225-70B7-42AF-A7E7-7F51AD4A9651}.Debug|Any CPU.Build.0 = Debug|Any CPU
		{14D4D225-70B7-42AF-A7E7-7F51AD4A9651}.Release|Any CPU.ActiveCfg = Release|Any CPU
		{14D4D225-70B7-42AF-A7E7-7F51AD4A9651}.Release|Any CPU.Build.0 = Release|Any CPU
		{FE6E57B1-51E8-4983-8176-C4F15AAA70E1}.Debug|Any CPU.ActiveCfg = Debug|Any CPU
		{FE6E57B1-51E8-4983-8176-C4F15AAA70E1}.Debug|Any CPU.Build.0 = Debug|Any CPU
		{FE6E57B1-51E8-4983-8176-C4F15AAA70E1}.Release|Any CPU.ActiveCfg = Release|Any CPU
		{FE6E57B1-51E8-4983-8176-C4F15AAA70E1}.Release|Any CPU.Build.0 = Release|Any CPU
		{8AD5543A-18DB-4EE7-8679-B381A85D89EF}.Debug|Any CPU.ActiveCfg = Debug|Any CPU
		{8AD5543A-18DB-4EE7-8679-B381A85D89EF}.Debug|Any CPU.Build.0 = Debug|Any CPU
		{8AD5543A-18DB-4EE7-8679-B381A85D89EF}.Release|Any CPU.ActiveCfg = Release|Any CPU
		{8AD5543A-18DB-4EE7-8679-B381A85D89EF}.Release|Any CPU.Build.0 = Release|Any CPU
	EndGlobalSection
	GlobalSection(SolutionProperties) = preSolution
		HideSolutionNode = FALSE
	EndGlobalSection
	GlobalSection(NestedProjects) = preSolution
		{ACA7ADB6-6F46-4261-9828-FDC7B3015328} = {02EA681E-C7D8-13C7-8484-4AC65E1B71E8}
		{14D4D225-70B7-42AF-A7E7-7F51AD4A9651} = {380F0663-BADA-416A-8C9F-DE8EF3992D48}
		{FE6E57B1-51E8-4983-8176-C4F15AAA70E1} = {D00B9084-43CC-4293-91D4-4803768B576D}
		{8AD5543A-18DB-4EE7-8679-B381A85D89EF} = {4BAD79A0-35C8-4DA0-B803-55127C1AA5EA}
	EndGlobalSection
	GlobalSection(ExtensibilityGlobals) = postSolution
		SolutionGuid = {11A98E49-12B2-468F-A48E-F61E86221391}
	EndGlobalSection
EndGlobal
